lockfileVersion: 5.3

importers:

  .:
    specifiers: {}

  packages/client:
    specifiers: {}

  packages/server:
    specifiers:
      '@nestjs/common': ^7.6.15
      '@nestjs/core': ^7.6.15
      esno: ^0.5.0
      reflect-metadata: ^0.1.13
      rxjs: ^6.6.7
      typescript: ^4.2.3
    dependencies:
      '@nestjs/common': 7.6.15_8e6d4b7501d9d25f42cbf34563d4f5bc
      '@nestjs/core': 7.6.15_2ef5148cf119d2e6a2825daac1d64a18
      reflect-metadata: 0.1.13
      rxjs: 6.6.7
    devDependencies:
      esno: 0.5.0
      typescript: 4.2.3

packages:

  /@nestjs/common/7.6.15_8e6d4b7501d9d25f42cbf34563d4f5bc:
    resolution: {integrity: sha512-H/3Nk7M02Fc4YN9St05i34gZKVuzE54gd5eXAX6WwisqU5fQ00kss1pYGbltjb2QGu3A/fpO1MdYEwOA18Z/VQ==}
    peerDependencies:
      cache-manager: '*'
      class-transformer: '*'
      class-validator: '*'
      reflect-metadata: ^0.1.12
      rxjs: ^6.0.0
    peerDependenciesMeta:
      cache-manager:
        optional: true
      class-transformer:
        optional: true
      class-validator:
        optional: true
    dependencies:
      axios: 0.21.1
      iterare: 1.2.1
      reflect-metadata: 0.1.13
      rxjs: 6.6.7
      tslib: 2.1.0
      uuid: 8.3.2
    transitivePeerDependencies:
      - debug
    dev: false

  /@nestjs/core/7.6.15_2ef5148cf119d2e6a2825daac1d64a18:
    resolution: {integrity: sha512-8CrL/iY5Gt4HJfyDg1PgPalhT7tVRT643f2mGMgPum/P/e94uuwEYBNIgsMEVOJUrOAWZkNIN60uEf8JkH6GWw==}
    requiresBuild: true
    peerDependencies:
      '@nestjs/common': ^7.0.0
      '@nestjs/microservices': ^7.0.0
      '@nestjs/platform-express': ^7.0.0
      '@nestjs/websockets': ^7.0.0
      reflect-metadata: ^0.1.12
      rxjs: ^6.0.0
    peerDependenciesMeta:
      '@nestjs/microservices':
        optional: true
      '@nestjs/platform-express':
        optional: true
      '@nestjs/websockets':
        optional: true
    dependencies:
      '@nestjs/common': 7.6.15_8e6d4b7501d9d25f42cbf34563d4f5bc
      '@nuxtjs/opencollective': 0.3.2
      fast-safe-stringify: 2.0.7
      iterare: 1.2.1
      object-hash: 2.1.1
      path-to-regexp: 3.2.0
      reflect-metadata: 0.1.13
      rxjs: 6.6.7
      tslib: 2.1.0
      uuid: 8.3.2
    dev: false

  /@nuxtjs/opencollective/0.3.2:
    resolution: {integrity: sha512-um0xL3fO7Mf4fDxcqx9KryrB7zgRM5JSlvGN5AGkP6JLM5XEKyjeAiPbNxdXVXQ16isuAhYpvP88NgL2BGd6aA==}
    engines: {node: '>=8.0.0', npm: '>=5.0.0'}
    hasBin: true
    dependencies:
      chalk: 4.1.0
      consola: 2.15.3
      node-fetch: 2.6.1
    dev: false

  /ansi-styles/4.3.0:
    resolution: {integrity: sha512-zbB9rCJAT1rbjiVDb2hqKFHNYLxgtk8NURxZ3IZwD3F6NtxbXZQCnnSi1Lkx+IDohdPlFp222wVALIheZJQSEg==}
    engines: {node: '>=8'}
    dependencies:
      color-convert: 2.0.1
    dev: false

  /axios/0.21.1:
    resolution: {integrity: sha512-dKQiRHxGD9PPRIUNIWvZhPTPpl1rf/OxTYKsqKUDjBwYylTvV7SjSHJb9ratfyzM6wCdLCOYLzs73qpg5c4iGA==}
    dependencies:
      follow-redirects: 1.13.3
    transitivePeerDependencies:
      - debug
    dev: false

  /chalk/4.1.0:
    resolution: {integrity: sha512-qwx12AxXe2Q5xQ43Ac//I6v5aXTipYrSESdOgzrN+9XjgEpyjpKuvSGaN4qE93f7TQTlerQQ8S+EQ0EyDoVL1A==}
    engines: {node: '>=10'}
    dependencies:
      ansi-styles: 4.3.0
      supports-color: 7.2.0
    dev: false

  /color-convert/2.0.1:
    resolution: {integrity: sha512-RRECPsj7iu/xb5oKYcsFHSppFNnsj/52OVTRKb4zP5onXwVF3zVmmToNcOfGC+CRDpfK/U584fMg38ZHCaElKQ==}
    engines: {node: '>=7.0.0'}
    dependencies:
      color-name: 1.1.4
    dev: false

  /color-name/1.1.4:
    resolution: {integrity: sha512-dOy+3AuW3a2wNbZHIuMZpTcgjGuLU/uBL/ubcZF9OXbDo8ff4O8yVp5Bf0efS8uEoYo5q4Fx7dY9OgQGXgAsQA==}
    dev: false

  /consola/2.15.3:
    resolution: {integrity: sha512-9vAdYbHj6x2fLKC4+oPH0kFzY/orMZyG2Aj+kNylHxKGJ/Ed4dpNyAQYwJOdqO4zdM7XpVHmyejQDcQHrnuXbw==}
    dev: false

  /esbuild-register/2.3.0:
    resolution: {integrity: sha512-uT3WXEQGAqzrI0SLy1Jz39BzIBiLWd5La9zFZ+FUSCPGqJbE+ZJHUTE8yHP1GVfyHKrrAFCZqLieaHkSprIRDQ==}
    dependencies:
      esbuild: 0.9.7
      jsonc-parser: 3.0.0
    dev: true

  /esbuild/0.9.7:
    resolution: {integrity: sha512-VtUf6aQ89VTmMLKrWHYG50uByMF4JQlVysb8dmg6cOgW8JnFCipmz7p+HNBl+RR3LLCuBxFGVauAe2wfnF9bLg==}
    hasBin: true
    requiresBuild: true
    dev: true

  /esno/0.5.0:
    resolution: {integrity: sha512-r0tsflar7RB918JCjTNyU2QWfgyH2jgfAzHK1tABr3A5y84ruS86JanVHc6wove/V5I98soLZbg8Foso1dqCMA==}
    hasBin: true
    dependencies:
      esbuild: 0.9.7
      esbuild-register: 2.3.0
    dev: true

  /fast-safe-stringify/2.0.7:
    resolution: {integrity: sha512-Utm6CdzT+6xsDk2m8S6uL8VHxNwI6Jub+e9NYTcAms28T84pTa25GJQV9j0CY0N1rM8hK4x6grpF2BQf+2qwVA==}
    dev: false

  /follow-redirects/1.13.3:
    resolution: {integrity: sha512-DUgl6+HDzB0iEptNQEXLx/KhTmDb8tZUHSeLqpnjpknR70H0nC2t9N73BK6fN4hOvJ84pKlIQVQ4k5FFlBedKA==}
    engines: {node: '>=4.0'}
    peerDependencies:
      debug: '*'
    peerDependenciesMeta:
      debug:
        optional: true
    dev: false

  /has-flag/4.0.0:
    resolution: {integrity: sha512-EykJT/Q1KjTWctppgIAgfSO0tKVuZUjhgMr17kqTumMl6Afv3EISleU7qZUzoXDFTAHTDC4NOoG/ZxU3EvlMPQ==}
    engines: {node: '>=8'}
    dev: false

  /iterare/1.2.1:
    resolution: {integrity: sha512-RKYVTCjAnRthyJes037NX/IiqeidgN1xc3j1RjFfECFp28A1GVwK9nA+i0rJPaHqSZwygLzRnFlzUuHFoWWy+Q==}
    engines: {node: '>=6'}
    dev: false

  /jsonc-parser/3.0.0:
    resolution: {integrity: sha512-fQzRfAbIBnR0IQvftw9FJveWiHp72Fg20giDrHz6TdfB12UH/uue0D3hm57UB5KgAVuniLMCaS8P1IMj9NR7cA==}
    dev: true

  /node-fetch/2.6.1:
    resolution: {integrity: sha512-V4aYg89jEoVRxRb2fJdAg8FHvI7cEyYdVAh94HH0UIK8oJxUfkjlDQN9RbMx+bEjP7+ggMiFRprSti032Oipxw==}
    engines: {node: 4.x || >=6.0.0}
    dev: false

  /object-hash/2.1.1:
    resolution: {integrity: sha512-VOJmgmS+7wvXf8CjbQmimtCnEx3IAoLxI3fp2fbWehxrWBcAQFbk+vcwb6vzR0VZv/eNCJ/27j151ZTwqW/JeQ==}
    engines: {node: '>= 6'}
    dev: false

  /path-to-regexp/3.2.0:
    resolution: {integrity: sha512-jczvQbCUS7XmS7o+y1aEO9OBVFeZBQ1MDSEqmO7xSoPgOPoowY/SxLpZ6Vh97/8qHZOteiCKb7gkG9gA2ZUxJA==}
    dev: false

  /reflect-metadata/0.1.13:
    resolution: {integrity: sha512-Ts1Y/anZELhSsjMcU605fU9RE4Oi3p5ORujwbIKXfWa+0Zxs510Qrmrce5/Jowq3cHSZSJqBjypxmHarc+vEWg==}
    dev: false

  /rxjs/6.6.7:
    resolution: {integrity: sha512-hTdwr+7yYNIT5n4AMYp85KA6yw2Va0FLa3Rguvbpa4W3I5xynaBZo41cM3XM+4Q6fRMj3sBYIR1VAmZMXYJvRQ==}
    engines: {npm: '>=2.0.0'}
    dependencies:
      tslib: 1.14.1
    dev: false

  /supports-color/7.2.0:
    resolution: {integrity: sha512-qpCAvRl9stuOHveKsn7HncJRvv501qIacKzQlO/+Lwxc9+0q2wLyv4Dfvt80/DPn2pqOBsJdDiogXGR9+OvwRw==}
    engines: {node: '>=8'}
    dependencies:
      has-flag: 4.0.0
    dev: false

  /tslib/1.14.1:
    resolution: {integrity: sha512-Xni35NKzjgMrwevysHTCArtLDpPvye8zV/0E4EyYn43P7/7qvQwPh9BGkHewbMulVntbigmcT7rdX3BNo9wRJg==}
    dev: false

  /tslib/2.1.0:
    resolution: {integrity: sha512-hcVC3wYEziELGGmEEXue7D75zbwIIVUMWAVbHItGPx0ziyXxrOMQx4rQEVEV45Ut/1IotuEvwqPopzIOkDMf0A==}
    dev: false

  /typescript/4.2.3:
    resolution: {integrity: sha512-qOcYwxaByStAWrBf4x0fibwZvMRG+r4cQoTjbPtUlrWjBHbmCAww1i448U0GJ+3cNNEtebDteo/cHOR3xJ4wEw==}
    engines: {node: '>=4.2.0'}
    hasBin: true
    dev: true

  /uuid/8.3.2:
    resolution: {integrity: sha512-+NYs2QeMWy+GWFOEm9xnn6HCDp0l7QBD7ml8zLUmJ+93Q5NF0NocErnwkTkXVFNiX3/fpC6afS8Dhb/gz7R7eg==}
    hasBin: true
    dev: false
